
Microsoft Visual Studio Solution File, Format Version 12.00
# Visual Studio Version 16
VisualStudioVersion = 16.0.29609.76
MinimumVisualStudioVersion = 10.0.40219.1
Project("{888888A0-9F3D-457C-B088-3A5042F75D52}") = "PhotoMagasin 2021", "PhotoMagasin 2021\PhotoMagasin 2021.pyproj", "{92E38D65-E49D-4118-BCB3-4A9589A2FF59}"
EndProject
Global
	GlobalSection(SolutionConfigurationPlatforms) = preSolution
		Debug|Any CPU = Debug|Any CPU
		Release|Any CPU = Release|Any CPU
	EndGlobalSection
	GlobalSection(ProjectConfigurationPlatforms) = postSolution
		{92E38D65-E49D-4118-BCB3-4A9589A2FF59}.Debug|Any CPU.ActiveCfg = Debug|Any CPU
		{92E38D65-E49D-4118-BCB3-4A9589A2FF59}.Release|Any CPU.ActiveCfg = Release|Any CPU
	EndGlobalSection
	GlobalSection(SolutionProperties) = preSolution
		HideSolutionNode = FALSE
	EndGlobalSection
	GlobalSection(ExtensibilityGlobals) = postSolution
		SolutionGuid = {2E484E3B-E46B-4FA5-AFF5-A9463C7900F1}
	EndGlobalSection
EndGlobal
